
Microsoft Visual Studio Solution File, Format Version 12.00
# Visual Studio Version 16
VisualStudioVersion = 16.0.28922.388
MinimumVisualStudioVersion = 10.0.40219.1
Project("{8BC9CEB8-8B4A-11D0-8D11-00A0C91BC942}") = "pFaces-MyKernel", "kernel\amytiss_kernel.vcxproj", "{A2FB4AA7-64B4-43DF-B53B-9C0639D05B3F}"
EndProject
Global
	GlobalSection(SolutionConfigurationPlatforms) = preSolution
		Debug|x64 = Debug|x64
		Debug|x86 = Debug|x86
		Release|x64 = Release|x64
		Release|x86 = Release|x86
	EndGlobalSection
	GlobalSection(ProjectConfigurationPlatforms) = postSolution
		{A2FB4AA7-64B4-43DF-B53B-9C0639D05B3F}.Debug|x64.ActiveCfg = Debug|x64
		{A2FB4AA7-64B4-43DF-B53B-9C0639D05B3F}.Debug|x64.Build.0 = Debug|x64
		{A2FB4AA7-64B4-43DF-B53B-9C0639D05B3F}.Debug|x86.ActiveCfg = Debug|Win32
		{A2FB4AA7-64B4-43DF-B53B-9C0639D05B3F}.Debug|x86.Build.0 = Debug|Win32
		{A2FB4AA7-64B4-43DF-B53B-9C0639D05B3F}.Release|x64.ActiveCfg = Release|x64
		{A2FB4AA7-64B4-43DF-B53B-9C0639D05B3F}.Release|x64.Build.0 = Release|x64
		{A2FB4AA7-64B4-43DF-B53B-9C0639D05B3F}.Release|x86.ActiveCfg = Release|Win32
		{A2FB4AA7-64B4-43DF-B53B-9C0639D05B3F}.Release|x86.Build.0 = Release|Win32
	EndGlobalSection
	GlobalSection(SolutionProperties) = preSolution
		HideSolutionNode = FALSE
	EndGlobalSection
	GlobalSection(ExtensibilityGlobals) = postSolution
		SolutionGuid = {126FFC83-012F-4BD6-BA86-E26D3BE458B8}
	EndGlobalSection
EndGlobal
